// !$*UTF8*$!
{
	archiveVersion = 1;
	classes = {
	};
	objectVersion = 56;
	objects = {

/* Begin PBXBuildFile section */
		4D59CEA029D7350600A9B559 /* AppDelegate.swift in Sources */ = {isa = PBXBuildFile; fileRef = 4D59CE9F29D7350600A9B559 /* AppDelegate.swift */; };
		4D59CEA229D7350600A9B559 /* SceneDelegate.swift in Sources */ = {isa = PBXBuildFile; fileRef = 4D59CEA129D7350600A9B559 /* SceneDelegate.swift */; };
		4D59CEA429D7350600A9B559 /* MainViewController.swift in Sources */ = {isa = PBXBuildFile; fileRef = 4D59CEA329D7350600A9B559 /* MainViewController.swift */; };
		4D59CEAA29D7350600A9B559 /* NetflixClone2.xcdatamodeld in Sources */ = {isa = PBXBuildFile; fileRef = 4D59CEA829D7350600A9B559 /* NetflixClone2.xcdatamodeld */; };
		4D59CEAC29D7350700A9B559 /* Assets.xcassets in Resources */ = {isa = PBXBuildFile; fileRef = 4D59CEAB29D7350700A9B559 /* Assets.xcassets */; };
		4D59CEAF29D7350700A9B559 /* LaunchScreen.storyboard in Resources */ = {isa = PBXBuildFile; fileRef = 4D59CEAD29D7350700A9B559 /* LaunchScreen.storyboard */; };
		4D59CEBA29D7350800A9B559 /* NetflixClone2Tests.swift in Sources */ = {isa = PBXBuildFile; fileRef = 4D59CEB929D7350800A9B559 /* NetflixClone2Tests.swift */; };
		4D59CEC429D7350800A9B559 /* NetflixClone2UITests.swift in Sources */ = {isa = PBXBuildFile; fileRef = 4D59CEC329D7350800A9B559 /* NetflixClone2UITests.swift */; };
		4D59CEC629D7350800A9B559 /* NetflixClone2UITestsLaunchTests.swift in Sources */ = {isa = PBXBuildFile; fileRef = 4D59CEC529D7350800A9B559 /* NetflixClone2UITestsLaunchTests.swift */; };
		4D59CED929D7377400A9B559 /* MainTabBarViewController.swift in Sources */ = {isa = PBXBuildFile; fileRef = 4D59CED829D7377400A9B559 /* MainTabBarViewController.swift */; };
		4D59CEDB29D738C300A9B559 /* UpcomingViewController.swift in Sources */ = {isa = PBXBuildFile; fileRef = 4D59CEDA29D738C300A9B559 /* UpcomingViewController.swift */; };
		4D59CEDD29D738DE00A9B559 /* SearchViewController.swift in Sources */ = {isa = PBXBuildFile; fileRef = 4D59CEDC29D738DE00A9B559 /* SearchViewController.swift */; };
		4D59CEDF29D738EC00A9B559 /* DownloadsViewController.swift in Sources */ = {isa = PBXBuildFile; fileRef = 4D59CEDE29D738EC00A9B559 /* DownloadsViewController.swift */; };
		4D59CEE229D743C200A9B559 /* CollectionViewTableViewCell.swift in Sources */ = {isa = PBXBuildFile; fileRef = 4D59CEE129D743C200A9B559 /* CollectionViewTableViewCell.swift */; };
		4D59CEE429D8853A00A9B559 /* HeroHeaderView.swift in Sources */ = {isa = PBXBuildFile; fileRef = 4D59CEE329D8853A00A9B559 /* HeroHeaderView.swift */; };
		4D59CEF429E0890500A9B559 /* Extensions.swift in Sources */ = {isa = PBXBuildFile; fileRef = 4D59CEF329E0890500A9B559 /* Extensions.swift */; };
		4D59CEF629E2D3BB00A9B559 /* APICaller.swift in Sources */ = {isa = PBXBuildFile; fileRef = 4D59CEF529E2D3BB00A9B559 /* APICaller.swift */; };
		4D59CEF929E2D41D00A9B559 /* PromiseKit in Frameworks */ = {isa = PBXBuildFile; productRef = 4D59CEF829E2D41D00A9B559 /* PromiseKit */; };
		4D59CEFB29E2D45A00A9B559 /* Movie.swift in Sources */ = {isa = PBXBuildFile; fileRef = 4D59CEFA29E2D45A00A9B559 /* Movie.swift */; };
		4D59CEFD29E30C7E00A9B559 /* TV.swift in Sources */ = {isa = PBXBuildFile; fileRef = 4D59CEFC29E30C7E00A9B559 /* TV.swift */; };
		4D59CF4729E4353900A9B559 /* TitleCollectionViewCell.swift in Sources */ = {isa = PBXBuildFile; fileRef = 4D59CF4629E4353900A9B559 /* TitleCollectionViewCell.swift */; };
		4D59CF4A29E4358300A9B559 /* SDWebImage in Frameworks */ = {isa = PBXBuildFile; productRef = 4D59CF4929E4358300A9B559 /* SDWebImage */; };
		4D59CF4C29E4358300A9B559 /* SDWebImageMapKit in Frameworks */ = {isa = PBXBuildFile; productRef = 4D59CF4B29E4358300A9B559 /* SDWebImageMapKit */; };
		4D59CF9029E8301A00A9B559 /* MovieTableViewCell.swift in Sources */ = {isa = PBXBuildFile; fileRef = 4D59CF8F29E8301A00A9B559 /* MovieTableViewCell.swift */; };
		4D59CF9229E835F500A9B559 /* MovieVIewModel.swift in Sources */ = {isa = PBXBuildFile; fileRef = 4D59CF9129E835F500A9B559 /* MovieVIewModel.swift */; };
		4D59CF9729E9C9FA00A9B559 /* SearchResultsViewController.swift in Sources */ = {isa = PBXBuildFile; fileRef = 4D59CF9629E9C9FA00A9B559 /* SearchResultsViewController.swift */; };
		4DF3266729EB0BFF001797BB /* TitlePreviewViewController.swift in Sources */ = {isa = PBXBuildFile; fileRef = 4DF3266629EB0BFF001797BB /* TitlePreviewViewController.swift */; };
		4DF3266929EB2136001797BB /* TitlePreviewViewModel.swift in Sources */ = {isa = PBXBuildFile; fileRef = 4DF3266829EB2136001797BB /* TitlePreviewViewModel.swift */; };
		4DF3266B29EB2197001797BB /* YoutubeSearchResponse.swift in Sources */ = {isa = PBXBuildFile; fileRef = 4DF3266A29EB2197001797BB /* YoutubeSearchResponse.swift */; };
		4DF3269329F81BB2001797BB /* DataPersistenceManager.swift in Sources */ = {isa = PBXBuildFile; fileRef = 4DF3269229F81BB2001797BB /* DataPersistenceManager.swift */; };
/* End PBXBuildFile section */

/* Begin PBXContainerItemProxy section */
		4D59CEB629D7350800A9B559 /* PBXContainerItemProxy */ = {
			isa = PBXContainerItemProxy;
			containerPortal = 4D59CE9429D7350600A9B559 /* Project object */;
			proxyType = 1;
			remoteGlobalIDString = 4D59CE9B29D7350600A9B559;
			remoteInfo = NetflixClone2;
		};
		4D59CEC029D7350800A9B559 /* PBXContainerItemProxy */ = {
			isa = PBXContainerItemProxy;
			containerPortal = 4D59CE9429D7350600A9B559 /* Project object */;
			proxyType = 1;
			remoteGlobalIDString = 4D59CE9B29D7350600A9B559;
			remoteInfo = NetflixClone2;
		};
/* End PBXContainerItemProxy section */

/* Begin PBXFileReference section */
		4D59CE9C29D7350600A9B559 /* NetflixClone2.app */ = {isa = PBXFileReference; explicitFileType = wrapper.application; includeInIndex = 0; path = NetflixClone2.app; sourceTree = BUILT_PRODUCTS_DIR; };
		4D59CE9F29D7350600A9B559 /* AppDelegate.swift */ = {isa = PBXFileReference; lastKnownFileType = sourcecode.swift; path = AppDelegate.swift; sourceTree = "<group>"; };
		4D59CEA129D7350600A9B559 /* SceneDelegate.swift */ = {isa = PBXFileReference; lastKnownFileType = sourcecode.swift; path = SceneDelegate.swift; sourceTree = "<group>"; };
		4D59CEA329D7350600A9B559 /* MainViewController.swift */ = {isa = PBXFileReference; lastKnownFileType = sourcecode.swift; path = MainViewController.swift; sourceTree = "<group>"; };
		4D59CEA929D7350600A9B559 /* NetflixClone2.xcdatamodel */ = {isa = PBXFileReference; lastKnownFileType = wrapper.xcdatamodel; path = NetflixClone2.xcdatamodel; sourceTree = "<group>"; };
		4D59CEAB29D7350700A9B559 /* Assets.xcassets */ = {isa = PBXFileReference; lastKnownFileType = folder.assetcatalog; path = Assets.xcassets; sourceTree = "<group>"; };
		4D59CEAE29D7350700A9B559 /* Base */ = {isa = PBXFileReference; lastKnownFileType = file.storyboard; name = Base; path = Base.lproj/LaunchScreen.storyboard; sourceTree = "<group>"; };
		4D59CEB029D7350700A9B559 /* Info.plist */ = {isa = PBXFileReference; lastKnownFileType = text.plist.xml; path = Info.plist; sourceTree = "<group>"; };
		4D59CEB529D7350800A9B559 /* NetflixClone2Tests.xctest */ = {isa = PBXFileReference; explicitFileType = wrapper.cfbundle; includeInIndex = 0; path = NetflixClone2Tests.xctest; sourceTree = BUILT_PRODUCTS_DIR; };
		4D59CEB929D7350800A9B559 /* NetflixClone2Tests.swift */ = {isa = PBXFileReference; lastKnownFileType = sourcecode.swift; path = NetflixClone2Tests.swift; sourceTree = "<group>"; };
		4D59CEBF29D7350800A9B559 /* NetflixClone2UITests.xctest */ = {isa = PBXFileReference; explicitFileType = wrapper.cfbundle; includeInIndex = 0; path = NetflixClone2UITests.xctest; sourceTree = BUILT_PRODUCTS_DIR; };
		4D59CEC329D7350800A9B559 /* NetflixClone2UITests.swift */ = {isa = PBXFileReference; lastKnownFileType = sourcecode.swift; path = NetflixClone2UITests.swift; sourceTree = "<group>"; };
		4D59CEC529D7350800A9B559 /* NetflixClone2UITestsLaunchTests.swift */ = {isa = PBXFileReference; lastKnownFileType = sourcecode.swift; path = NetflixClone2UITestsLaunchTests.swift; sourceTree = "<group>"; };
		4D59CED829D7377400A9B559 /* MainTabBarViewController.swift */ = {isa = PBXFileReference; lastKnownFileType = sourcecode.swift; path = MainTabBarViewController.swift; sourceTree = "<group>"; };
		4D59CEDA29D738C300A9B559 /* UpcomingViewController.swift */ = {isa = PBXFileReference; lastKnownFileType = sourcecode.swift; path = UpcomingViewController.swift; sourceTree = "<group>"; };
		4D59CEDC29D738DE00A9B559 /* SearchViewController.swift */ = {isa = PBXFileReference; lastKnownFileType = sourcecode.swift; path = SearchViewController.swift; sourceTree = "<group>"; };
		4D59CEDE29D738EC00A9B559 /* DownloadsViewController.swift */ = {isa = PBXFileReference; lastKnownFileType = sourcecode.swift; path = DownloadsViewController.swift; sourceTree = "<group>"; };
		4D59CEE129D743C200A9B559 /* CollectionViewTableViewCell.swift */ = {isa = PBXFileReference; lastKnownFileType = sourcecode.swift; path = CollectionViewTableViewCell.swift; sourceTree = "<group>"; };
		4D59CEE329D8853A00A9B559 /* HeroHeaderView.swift */ = {isa = PBXFileReference; lastKnownFileType = sourcecode.swift; path = HeroHeaderView.swift; sourceTree = "<group>"; };
		4D59CEF329E0890500A9B559 /* Extensions.swift */ = {isa = PBXFileReference; lastKnownFileType = sourcecode.swift; path = Extensions.swift; sourceTree = "<group>"; };
		4D59CEF529E2D3BB00A9B559 /* APICaller.swift */ = {isa = PBXFileReference; lastKnownFileType = sourcecode.swift; path = APICaller.swift; sourceTree = "<group>"; };
		4D59CEFA29E2D45A00A9B559 /* Movie.swift */ = {isa = PBXFileReference; lastKnownFileType = sourcecode.swift; path = Movie.swift; sourceTree = "<group>"; };
		4D59CEFC29E30C7E00A9B559 /* TV.swift */ = {isa = PBXFileReference; lastKnownFileType = sourcecode.swift; path = TV.swift; sourceTree = "<group>"; };
		4D59CF4629E4353900A9B559 /* TitleCollectionViewCell.swift */ = {isa = PBXFileReference; lastKnownFileType = sourcecode.swift; path = TitleCollectionViewCell.swift; sourceTree = "<group>"; };
		4D59CF8F29E8301A00A9B559 /* MovieTableViewCell.swift */ = {isa = PBXFileReference; lastKnownFileType = sourcecode.swift; path = MovieTableViewCell.swift; sourceTree = "<group>"; };
		4D59CF9129E835F500A9B559 /* MovieVIewModel.swift */ = {isa = PBXFileReference; lastKnownFileType = sourcecode.swift; path = MovieVIewModel.swift; sourceTree = "<group>"; };
		4D59CF9629E9C9FA00A9B559 /* SearchResultsViewController.swift */ = {isa = PBXFileReference; lastKnownFileType = sourcecode.swift; path = SearchResultsViewController.swift; sourceTree = "<group>"; };
		4DF3266629EB0BFF001797BB /* TitlePreviewViewController.swift */ = {isa = PBXFileReference; lastKnownFileType = sourcecode.swift; path = TitlePreviewViewController.swift; sourceTree = "<group>"; };
		4DF3266829EB2136001797BB /* TitlePreviewViewModel.swift */ = {isa = PBXFileReference; lastKnownFileType = sourcecode.swift; path = TitlePreviewViewModel.swift; sourceTree = "<group>"; };
		4DF3266A29EB2197001797BB /* YoutubeSearchResponse.swift */ = {isa = PBXFileReference; lastKnownFileType = sourcecode.swift; path = YoutubeSearchResponse.swift; sourceTree = "<group>"; };
		4DF3269229F81BB2001797BB /* DataPersistenceManager.swift */ = {isa = PBXFileReference; lastKnownFileType = sourcecode.swift; path = DataPersistenceManager.swift; sourceTree = "<group>"; };
/* End PBXFileReference section */

/* Begin PBXFrameworksBuildPhase section */
		4D59CE9929D7350600A9B559 /* Frameworks */ = {
			isa = PBXFrameworksBuildPhase;
			buildActionMask = 2147483647;
			files = (
				4D59CF4A29E4358300A9B559 /* SDWebImage in Frameworks */,
				4D59CF4C29E4358300A9B559 /* SDWebImageMapKit in Frameworks */,
				4D59CEF929E2D41D00A9B559 /* PromiseKit in Frameworks */,
			);
			runOnlyForDeploymentPostprocessing = 0;
		};
		4D59CEB229D7350800A9B559 /* Frameworks */ = {
			isa = PBXFrameworksBuildPhase;
			buildActionMask = 2147483647;
			files = (
			);
			runOnlyForDeploymentPostprocessing = 0;
		};
		4D59CEBC29D7350800A9B559 /* Frameworks */ = {
			isa = PBXFrameworksBuildPhase;
			buildActionMask = 2147483647;
			files = (
			);
			runOnlyForDeploymentPostprocessing = 0;
		};
/* End PBXFrameworksBuildPhase section */

/* Begin PBXGroup section */
		4D59CE9329D7350600A9B559 = {
			isa = PBXGroup;
			children = (
				4D59CE9E29D7350600A9B559 /* NetflixClone2 */,
				4D59CEB829D7350800A9B559 /* NetflixClone2Tests */,
				4D59CEC229D7350800A9B559 /* NetflixClone2UITests */,
				4D59CE9D29D7350600A9B559 /* Products */,
			);
			sourceTree = "<group>";
		};
		4D59CE9D29D7350600A9B559 /* Products */ = {
			isa = PBXGroup;
			children = (
				4D59CE9C29D7350600A9B559 /* NetflixClone2.app */,
				4D59CEB529D7350800A9B559 /* NetflixClone2Tests.xctest */,
				4D59CEBF29D7350800A9B559 /* NetflixClone2UITests.xctest */,
			);
			name = Products;
			sourceTree = "<group>";
		};
		4D59CE9E29D7350600A9B559 /* NetflixClone2 */ = {
			isa = PBXGroup;
			children = (
				4D59CED729D7365100A9B559 /* Resoures */,
				4D59CED629D7363E00A9B559 /* Managers */,
				4D59CED529D7362D00A9B559 /* Views */,
				4D59CED429D7362600A9B559 /* Models */,
				4D59CED329D7361A00A9B559 /* ViewModels */,
				4D59CED229D7360900A9B559 /* Controllers */,
				4D59CED829D7377400A9B559 /* MainTabBarViewController.swift */,
				4D59CE9F29D7350600A9B559 /* AppDelegate.swift */,
				4D59CEA129D7350600A9B559 /* SceneDelegate.swift */,
				4D59CEAB29D7350700A9B559 /* Assets.xcassets */,
				4D59CEAD29D7350700A9B559 /* LaunchScreen.storyboard */,
				4D59CEB029D7350700A9B559 /* Info.plist */,
				4D59CEA829D7350600A9B559 /* NetflixClone2.xcdatamodeld */,
			);
			path = NetflixClone2;
			sourceTree = "<group>";
		};
		4D59CEB829D7350800A9B559 /* NetflixClone2Tests */ = {
			isa = PBXGroup;
			children = (
				4D59CEB929D7350800A9B559 /* NetflixClone2Tests.swift */,
			);
			path = NetflixClone2Tests;
			sourceTree = "<group>";
		};
		4D59CEC229D7350800A9B559 /* NetflixClone2UITests */ = {
			isa = PBXGroup;
			children = (
				4D59CEC329D7350800A9B559 /* NetflixClone2UITests.swift */,
				4D59CEC529D7350800A9B559 /* NetflixClone2UITestsLaunchTests.swift */,
			);
			path = NetflixClone2UITests;
			sourceTree = "<group>";
		};
		4D59CED229D7360900A9B559 /* Controllers */ = {
			isa = PBXGroup;
			children = (
				4D59CF9529E9C9C600A9B559 /* General */,
				4D59CEE029D7395800A9B559 /* Core */,
			);
			path = Controllers;
			sourceTree = "<group>";
		};
		4D59CED329D7361A00A9B559 /* ViewModels */ = {
			isa = PBXGroup;
			children = (
				4D59CF9129E835F500A9B559 /* MovieVIewModel.swift */,
				4DF3266829EB2136001797BB /* TitlePreviewViewModel.swift */,
			);
			path = ViewModels;
			sourceTree = "<group>";
		};
		4D59CED429D7362600A9B559 /* Models */ = {
			isa = PBXGroup;
			children = (
				4D59CEFA29E2D45A00A9B559 /* Movie.swift */,
				4D59CEFC29E30C7E00A9B559 /* TV.swift */,
				4DF3266A29EB2197001797BB /* YoutubeSearchResponse.swift */,
			);
			path = Models;
			sourceTree = "<group>";
		};
		4D59CED529D7362D00A9B559 /* Views */ = {
			isa = PBXGroup;
			children = (
				4D59CEE129D743C200A9B559 /* CollectionViewTableViewCell.swift */,
				4D59CEE329D8853A00A9B559 /* HeroHeaderView.swift */,
				4D59CF4629E4353900A9B559 /* TitleCollectionViewCell.swift */,
				4D59CF8F29E8301A00A9B559 /* MovieTableViewCell.swift */,
			);
			path = Views;
			sourceTree = "<group>";
		};
		4D59CED629D7363E00A9B559 /* Managers */ = {
			isa = PBXGroup;
			children = (
				4D59CEF529E2D3BB00A9B559 /* APICaller.swift */,
				4DF3269229F81BB2001797BB /* DataPersistenceManager.swift */,
			);
			path = Managers;
			sourceTree = "<group>";
		};
		4D59CED729D7365100A9B559 /* Resoures */ = {
			isa = PBXGroup;
			children = (
				4D59CEF329E0890500A9B559 /* Extensions.swift */,
			);
			path = Resoures;
			sourceTree = "<group>";
		};
		4D59CEE029D7395800A9B559 /* Core */ = {
			isa = PBXGroup;
			children = (
				4D59CEA329D7350600A9B559 /* MainViewController.swift */,
				4D59CEDA29D738C300A9B559 /* UpcomingViewController.swift */,
				4D59CEDC29D738DE00A9B559 /* SearchViewController.swift */,
				4D59CEDE29D738EC00A9B559 /* DownloadsViewController.swift */,
			);
			path = Core;
			sourceTree = "<group>";
		};
		4D59CF9529E9C9C600A9B559 /* General */ = {
			isa = PBXGroup;
			children = (
				4D59CF9629E9C9FA00A9B559 /* SearchResultsViewController.swift */,
				4DF3266629EB0BFF001797BB /* TitlePreviewViewController.swift */,
			);
			path = General;
			sourceTree = "<group>";
		};
/* End PBXGroup section */

/* Begin PBXNativeTarget section */
		4D59CE9B29D7350600A9B559 /* NetflixClone2 */ = {
			isa = PBXNativeTarget;
			buildConfigurationList = 4D59CEC929D7350800A9B559 /* Build configuration list for PBXNativeTarget "NetflixClone2" */;
			buildPhases = (
				4D59CE9829D7350600A9B559 /* Sources */,
				4D59CE9929D7350600A9B559 /* Frameworks */,
				4D59CE9A29D7350600A9B559 /* Resources */,
			);
			buildRules = (
			);
			dependencies = (
			);
			name = NetflixClone2;
			packageProductDependencies = (
				4D59CEF829E2D41D00A9B559 /* PromiseKit */,
				4D59CF4929E4358300A9B559 /* SDWebImage */,
				4D59CF4B29E4358300A9B559 /* SDWebImageMapKit */,
			);
			productName = NetflixClone2;
			productReference = 4D59CE9C29D7350600A9B559 /* NetflixClone2.app */;
			productType = "com.apple.product-type.application";
		};
		4D59CEB429D7350800A9B559 /* NetflixClone2Tests */ = {
			isa = PBXNativeTarget;
			buildConfigurationList = 4D59CECC29D7350800A9B559 /* Build configuration list for PBXNativeTarget "NetflixClone2Tests" */;
			buildPhases = (
				4D59CEB129D7350800A9B559 /* Sources */,
				4D59CEB229D7350800A9B559 /* Frameworks */,
				4D59CEB329D7350800A9B559 /* Resources */,
			);
			buildRules = (
			);
			dependencies = (
				4D59CEB729D7350800A9B559 /* PBXTargetDependency */,
			);
			name = NetflixClone2Tests;
			productName = NetflixClone2Tests;
			productReference = 4D59CEB529D7350800A9B559 /* NetflixClone2Tests.xctest */;
			productType = "com.apple.product-type.bundle.unit-test";
		};
		4D59CEBE29D7350800A9B559 /* NetflixClone2UITests */ = {
			isa = PBXNativeTarget;
			buildConfigurationList = 4D59CECF29D7350800A9B559 /* Build configuration list for PBXNativeTarget "NetflixClone2UITests" */;
			buildPhases = (
				4D59CEBB29D7350800A9B559 /* Sources */,
				4D59CEBC29D7350800A9B559 /* Frameworks */,
				4D59CEBD29D7350800A9B559 /* Resources */,
			);
			buildRules = (
			);
			dependencies = (
				4D59CEC129D7350800A9B559 /* PBXTargetDependency */,
			);
			name = NetflixClone2UITests;
			productName = NetflixClone2UITests;
			productReference = 4D59CEBF29D7350800A9B559 /* NetflixClone2UITests.xctest */;
			productType = "com.apple.product-type.bundle.ui-testing";
		};
/* End PBXNativeTarget section */

/* Begin PBXProject section */
		4D59CE9429D7350600A9B559 /* Project object */ = {
			isa = PBXProject;
			attributes = {
				BuildIndependentTargetsInParallel = 1;
				LastSwiftUpdateCheck = 1420;
				LastUpgradeCheck = 1420;
				TargetAttributes = {
					4D59CE9B29D7350600A9B559 = {
						CreatedOnToolsVersion = 14.2;
					};
					4D59CEB429D7350800A9B559 = {
						CreatedOnToolsVersion = 14.2;
						TestTargetID = 4D59CE9B29D7350600A9B559;
					};
					4D59CEBE29D7350800A9B559 = {
						CreatedOnToolsVersion = 14.2;
						TestTargetID = 4D59CE9B29D7350600A9B559;
					};
				};
			};
			buildConfigurationList = 4D59CE9729D7350600A9B559 /* Build configuration list for PBXProject "NetflixClone2" */;
			compatibilityVersion = "Xcode 14.0";
			developmentRegion = en;
			hasScannedForEncodings = 0;
			knownRegions = (
				en,
				Base,
			);
			mainGroup = 4D59CE9329D7350600A9B559;
			packageReferences = (
				4D59CEF729E2D41D00A9B559 /* XCRemoteSwiftPackageReference "PromiseKit" */,
				4D59CF4829E4358300A9B559 /* XCRemoteSwiftPackageReference "SDWebImage" */,
			);
			productRefGroup = 4D59CE9D29D7350600A9B559 /* Products */;
			projectDirPath = "";
			projectRoot = "";
			targets = (
				4D59CE9B29D7350600A9B559 /* NetflixClone2 */,
				4D59CEB429D7350800A9B559 /* NetflixClone2Tests */,
				4D59CEBE29D7350800A9B559 /* NetflixClone2UITests */,
			);
		};
/* End PBXProject section */

/* Begin PBXResourcesBuildPhase section */
		4D59CE9A29D7350600A9B559 /* Resources */ = {
			isa = PBXResourcesBuildPhase;
			buildActionMask = 2147483647;
			files = (
				4D59CEAF29D7350700A9B559 /* LaunchScreen.storyboard in Resources */,
				4D59CEAC29D7350700A9B559 /* Assets.xcassets in Resources */,
			);
			runOnlyForDeploymentPostprocessing = 0;
		};
		4D59CEB329D7350800A9B559 /* Resources */ = {
			isa = PBXResourcesBuildPhase;
			buildActionMask = 2147483647;
			files = (
			);
			runOnlyForDeploymentPostprocessing = 0;
		};
		4D59CEBD29D7350800A9B559 /* Resources */ = {
			isa = PBXResourcesBuildPhase;
			buildActionMask = 2147483647;
			files = (
			);
			runOnlyForDeploymentPostprocessing = 0;
		};
/* End PBXResourcesBuildPhase section */

/* Begin PBXSourcesBuildPhase section */
		4D59CE9829D7350600A9B559 /* Sources */ = {
			isa = PBXSourcesBuildPhase;
			buildActionMask = 2147483647;
			files = (
				4D59CEDB29D738C300A9B559 /* UpcomingViewController.swift in Sources */,
				4D59CEDD29D738DE00A9B559 /* SearchViewController.swift in Sources */,
				4D59CEDF29D738EC00A9B559 /* DownloadsViewController.swift in Sources */,
				4D59CEFD29E30C7E00A9B559 /* TV.swift in Sources */,
				4D59CED929D7377400A9B559 /* MainTabBarViewController.swift in Sources */,
				4D59CEA429D7350600A9B559 /* MainViewController.swift in Sources */,
				4D59CF9029E8301A00A9B559 /* MovieTableViewCell.swift in Sources */,
				4D59CF9729E9C9FA00A9B559 /* SearchResultsViewController.swift in Sources */,
				4DF3266B29EB2197001797BB /* YoutubeSearchResponse.swift in Sources */,
				4D59CEE429D8853A00A9B559 /* HeroHeaderView.swift in Sources */,
				4DF3266729EB0BFF001797BB /* TitlePreviewViewController.swift in Sources */,
				4D59CEE229D743C200A9B559 /* CollectionViewTableViewCell.swift in Sources */,
				4D59CEF629E2D3BB00A9B559 /* APICaller.swift in Sources */,
				4D59CEFB29E2D45A00A9B559 /* Movie.swift in Sources */,
				4D59CEA029D7350600A9B559 /* AppDelegate.swift in Sources */,
				4D59CF9229E835F500A9B559 /* MovieVIewModel.swift in Sources */,
				4D59CEA229D7350600A9B559 /* SceneDelegate.swift in Sources */,
				4D59CF4729E4353900A9B559 /* TitleCollectionViewCell.swift in Sources */,
				4D59CEF429E0890500A9B559 /* Extensions.swift in Sources */,
				4DF3266929EB2136001797BB /* TitlePreviewViewModel.swift in Sources */,
				4D59CEAA29D7350600A9B559 /* NetflixClone2.xcdatamodeld in Sources */,
				4DF3269329F81BB2001797BB /* DataPersistenceManager.swift in Sources */,
			);
			runOnlyForDeploymentPostprocessing = 0;
		};
		4D59CEB129D7350800A9B559 /* Sources */ = {
			isa = PBXSourcesBuildPhase;
			buildActionMask = 2147483647;
			files = (
				4D59CEBA29D7350800A9B559 /* NetflixClone2Tests.swift in Sources */,
			);
			runOnlyForDeploymentPostprocessing = 0;
		};
		4D59CEBB29D7350800A9B559 /* Sources */ = {
			isa = PBXSourcesBuildPhase;
			buildActionMask = 2147483647;
			files = (
				4D59CEC629D7350800A9B559 /* NetflixClone2UITestsLaunchTests.swift in Sources */,
				4D59CEC429D7350800A9B559 /* NetflixClone2UITests.swift in Sources */,
			);
			runOnlyForDeploymentPostprocessing = 0;
		};
/* End PBXSourcesBuildPhase section */

/* Begin PBXTargetDependency section */
		4D59CEB729D7350800A9B559 /* PBXTargetDependency */ = {
			isa = PBXTargetDependency;
			target = 4D59CE9B29D7350600A9B559 /* NetflixClone2 */;
			targetProxy = 4D59CEB629D7350800A9B559 /* PBXContainerItemProxy */;
		};
		4D59CEC129D7350800A9B559 /* PBXTargetDependency */ = {
			isa = PBXTargetDependency;
			target = 4D59CE9B29D7350600A9B559 /* NetflixClone2 */;
			targetProxy = 4D59CEC029D7350800A9B559 /* PBXContainerItemProxy */;
		};
/* End PBXTargetDependency section */

/* Begin PBXVariantGroup section */
		4D59CEAD29D7350700A9B559 /* LaunchScreen.storyboard */ = {
			isa = PBXVariantGroup;
			children = (
				4D59CEAE29D7350700A9B559 /* Base */,
			);
			name = LaunchScreen.storyboard;
			sourceTree = "<group>";
		};
/* End PBXVariantGroup section */

/* Begin XCBuildConfiguration section */
		4D59CEC729D7350800A9B559 /* Debug */ = {
			isa = XCBuildConfiguration;
			buildSettings = {
				ALWAYS_SEARCH_USER_PATHS = NO;
				CLANG_ANALYZER_NONNULL = YES;
				CLANG_ANALYZER_NUMBER_OBJECT_CONVERSION = YES_AGGRESSIVE;
				CLANG_CXX_LANGUAGE_STANDARD = "gnu++20";
				CLANG_ENABLE_MODULES = YES;
				CLANG_ENABLE_OBJC_ARC = YES;
				CLANG_ENABLE_OBJC_WEAK = YES;
				CLANG_WARN_BLOCK_CAPTURE_AUTORELEASING = YES;
				CLANG_WARN_BOOL_CONVERSION = YES;
				CLANG_WARN_COMMA = YES;
				CLANG_WARN_CONSTANT_CONVERSION = YES;
				CLANG_WARN_DEPRECATED_OBJC_IMPLEMENTATIONS = YES;
				CLANG_WARN_DIRECT_OBJC_ISA_USAGE = YES_ERROR;
				CLANG_WARN_DOCUMENTATION_COMMENTS = YES;
				CLANG_WARN_EMPTY_BODY = YES;
				CLANG_WARN_ENUM_CONVERSION = YES;
				CLANG_WARN_INFINITE_RECURSION = YES;
				CLANG_WARN_INT_CONVERSION = YES;
				CLANG_WARN_NON_LITERAL_NULL_CONVERSION = YES;
				CLANG_WARN_OBJC_IMPLICIT_RETAIN_SELF = YES;
				CLANG_WARN_OBJC_LITERAL_CONVERSION = YES;
				CLANG_WARN_OBJC_ROOT_CLASS = YES_ERROR;
				CLANG_WARN_QUOTED_INCLUDE_IN_FRAMEWORK_HEADER = YES;
				CLANG_WARN_RANGE_LOOP_ANALYSIS = YES;
				CLANG_WARN_STRICT_PROTOTYPES = YES;
				CLANG_WARN_SUSPICIOUS_MOVE = YES;
				CLANG_WARN_UNGUARDED_AVAILABILITY = YES_AGGRESSIVE;
				CLANG_WARN_UNREACHABLE_CODE = YES;
				CLANG_WARN__DUPLICATE_METHOD_MATCH = YES;
				COPY_PHASE_STRIP = NO;
				DEBUG_INFORMATION_FORMAT = dwarf;
				ENABLE_STRICT_OBJC_MSGSEND = YES;
				ENABLE_TESTABILITY = YES;
				GCC_C_LANGUAGE_STANDARD = gnu11;
				GCC_DYNAMIC_NO_PIC = NO;
				GCC_NO_COMMON_BLOCKS = YES;
				GCC_OPTIMIZATION_LEVEL = 0;
				GCC_PREPROCESSOR_DEFINITIONS = (
					"DEBUG=1",
					"$(inherited)",
				);
				GCC_WARN_64_TO_32_BIT_CONVERSION = YES;
				GCC_WARN_ABOUT_RETURN_TYPE = YES_ERROR;
				GCC_WARN_UNDECLARED_SELECTOR = YES;
				GCC_WARN_UNINITIALIZED_AUTOS = YES_AGGRESSIVE;
				GCC_WARN_UNUSED_FUNCTION = YES;
				GCC_WARN_UNUSED_VARIABLE = YES;
				IPHONEOS_DEPLOYMENT_TARGET = 16.2;
				MTL_ENABLE_DEBUG_INFO = INCLUDE_SOURCE;
				MTL_FAST_MATH = YES;
				ONLY_ACTIVE_ARCH = YES;
				SDKROOT = iphoneos;
				SWIFT_ACTIVE_COMPILATION_CONDITIONS = DEBUG;
				SWIFT_OPTIMIZATION_LEVEL = "-Onone";
			};
			name = Debug;
		};
		4D59CEC829D7350800A9B559 /* Release */ = {
			isa = XCBuildConfiguration;
			buildSettings = {
				ALWAYS_SEARCH_USER_PATHS = NO;
				CLANG_ANALYZER_NONNULL = YES;
				CLANG_ANALYZER_NUMBER_OBJECT_CONVERSION = YES_AGGRESSIVE;
				CLANG_CXX_LANGUAGE_STANDARD = "gnu++20";
				CLANG_ENABLE_MODULES = YES;
				CLANG_ENABLE_OBJC_ARC = YES;
				CLANG_ENABLE_OBJC_WEAK = YES;
				CLANG_WARN_BLOCK_CAPTURE_AUTORELEASING = YES;
				CLANG_WARN_BOOL_CONVERSION = YES;
				CLANG_WARN_COMMA = YES;
				CLANG_WARN_CONSTANT_CONVERSION = YES;
				CLANG_WARN_DEPRECATED_OBJC_IMPLEMENTATIONS = YES;
				CLANG_WARN_DIRECT_OBJC_ISA_USAGE = YES_ERROR;
				CLANG_WARN_DOCUMENTATION_COMMENTS = YES;
				CLANG_WARN_EMPTY_BODY = YES;
				CLANG_WARN_ENUM_CONVERSION = YES;
				CLANG_WARN_INFINITE_RECURSION = YES;
				CLANG_WARN_INT_CONVERSION = YES;
				CLANG_WARN_NON_LITERAL_NULL_CONVERSION = YES;
				CLANG_WARN_OBJC_IMPLICIT_RETAIN_SELF = YES;
				CLANG_WARN_OBJC_LITERAL_CONVERSION = YES;
				CLANG_WARN_OBJC_ROOT_CLASS = YES_ERROR;
				CLANG_WARN_QUOTED_INCLUDE_IN_FRAMEWORK_HEADER = YES;
				CLANG_WARN_RANGE_LOOP_ANALYSIS = YES;
				CLANG_WARN_STRICT_PROTOTYPES = YES;
				CLANG_WARN_SUSPICIOUS_MOVE = YES;
				CLANG_WARN_UNGUARDED_AVAILABILITY = YES_AGGRESSIVE;
				CLANG_WARN_UNREACHABLE_CODE = YES;
				CLANG_WARN__DUPLICATE_METHOD_MATCH = YES;
				COPY_PHASE_STRIP = NO;
				DEBUG_INFORMATION_FORMAT = "dwarf-with-dsym";
				ENABLE_NS_ASSERTIONS = NO;
				ENABLE_STRICT_OBJC_MSGSEND = YES;
				GCC_C_LANGUAGE_STANDARD = gnu11;
				GCC_NO_COMMON_BLOCKS = YES;
				GCC_WARN_64_TO_32_BIT_CONVERSION = YES;
				GCC_WARN_ABOUT_RETURN_TYPE = YES_ERROR;
				GCC_WARN_UNDECLARED_SELECTOR = YES;
				GCC_WARN_UNINITIALIZED_AUTOS = YES_AGGRESSIVE;
				GCC_WARN_UNUSED_FUNCTION = YES;
				GCC_WARN_UNUSED_VARIABLE = YES;
				IPHONEOS_DEPLOYMENT_TARGET = 16.2;
				MTL_ENABLE_DEBUG_INFO = NO;
				MTL_FAST_MATH = YES;
				SDKROOT = iphoneos;
				SWIFT_COMPILATION_MODE = wholemodule;
				SWIFT_OPTIMIZATION_LEVEL = "-O";
				VALIDATE_PRODUCT = YES;
			};
			name = Release;
		};
		4D59CECA29D7350800A9B559 /* Debug */ = {
			isa = XCBuildConfiguration;
			buildSettings = {
				ASSETCATALOG_COMPILER_APPICON_NAME = AppIcon;
				ASSETCATALOG_COMPILER_GLOBAL_ACCENT_COLOR_NAME = AccentColor;
				CODE_SIGN_STYLE = Automatic;
				CURRENT_PROJECT_VERSION = 1;
				GENERATE_INFOPLIST_FILE = YES;
				INFOPLIST_FILE = NetflixClone2/Info.plist;
				INFOPLIST_KEY_UIApplicationSupportsIndirectInputEvents = YES;
				INFOPLIST_KEY_UILaunchStoryboardName = LaunchScreen;
				INFOPLIST_KEY_UISupportedInterfaceOrientations_iPad = "UIInterfaceOrientationPortrait UIInterfaceOrientationPortraitUpsideDown UIInterfaceOrientationLandscapeLeft UIInterfaceOrientationLandscapeRight";
				INFOPLIST_KEY_UISupportedInterfaceOrientations_iPhone = "UIInterfaceOrientationPortrait UIInterfaceOrientationLandscapeLeft UIInterfaceOrientationLandscapeRight";
				LD_RUNPATH_SEARCH_PATHS = (
					"$(inherited)",
					"@executable_path/Frameworks",
				);
				MARKETING_VERSION = 1.0;
				PRODUCT_BUNDLE_IDENTIFIER = com.personal.NetflixClone2;
				PRODUCT_NAME = "$(TARGET_NAME)";
				SWIFT_EMIT_LOC_STRINGS = YES;
				SWIFT_VERSION = 5.0;
				TARGETED_DEVICE_FAMILY = "1,2";
			};
			name = Debug;
		};
		4D59CECB29D7350800A9B559 /* Release */ = {
			isa = XCBuildConfiguration;
			buildSettings = {
				ASSETCATALOG_COMPILER_APPICON_NAME = AppIcon;
				ASSETCATALOG_COMPILER_GLOBAL_ACCENT_COLOR_NAME = AccentColor;
				CODE_SIGN_STYLE = Automatic;
				CURRENT_PROJECT_VERSION = 1;
				GENERATE_INFOPLIST_FILE = YES;
				INFOPLIST_FILE = NetflixClone2/Info.plist;
				INFOPLIST_KEY_UIApplicationSupportsIndirectInputEvents = YES;
				INFOPLIST_KEY_UILaunchStoryboardName = LaunchScreen;
				INFOPLIST_KEY_UISupportedInterfaceOrientations_iPad = "UIInterfaceOrientationPortrait UIInterfaceOrientationPortraitUpsideDown UIInterfaceOrientationLandscapeLeft UIInterfaceOrientationLandscapeRight";
				INFOPLIST_KEY_UISupportedInterfaceOrientations_iPhone = "UIInterfaceOrientationPortrait UIInterfaceOrientationLandscapeLeft UIInterfaceOrientationLandscapeRight";
				LD_RUNPATH_SEARCH_PATHS = (
					"$(inherited)",
					"@executable_path/Frameworks",
				);
				MARKETING_VERSION = 1.0;
				PRODUCT_BUNDLE_IDENTIFIER = com.personal.NetflixClone2;
				PRODUCT_NAME = "$(TARGET_NAME)";
				SWIFT_EMIT_LOC_STRINGS = YES;
				SWIFT_VERSION = 5.0;
				TARGETED_DEVICE_FAMILY = "1,2";
			};
			name = Release;
		};
		4D59CECD29D7350800A9B559 /* Debug */ = {
			isa = XCBuildConfiguration;
			buildSettings = {
				ALWAYS_EMBED_SWIFT_STANDARD_LIBRARIES = YES;
				BUNDLE_LOADER = "$(TEST_HOST)";
				CODE_SIGN_STYLE = Automatic;
				CURRENT_PROJECT_VERSION = 1;
				GENERATE_INFOPLIST_FILE = YES;
				IPHONEOS_DEPLOYMENT_TARGET = 16.2;
				MARKETING_VERSION = 1.0;
				PRODUCT_BUNDLE_IDENTIFIER = com.personal.NetflixClone2Tests;
				PRODUCT_NAME = "$(TARGET_NAME)";
				SWIFT_EMIT_LOC_STRINGS = NO;
				SWIFT_VERSION = 5.0;
				TARGETED_DEVICE_FAMILY = "1,2";
				TEST_HOST = "$(BUILT_PRODUCTS_DIR)/NetflixClone2.app/$(BUNDLE_EXECUTABLE_FOLDER_PATH)/NetflixClone2";
			};
			name = Debug;
		};
		4D59CECE29D7350800A9B559 /* Release */ = {
			isa = XCBuildConfiguration;
			buildSettings = {
				ALWAYS_EMBED_SWIFT_STANDARD_LIBRARIES = YES;
				BUNDLE_LOADER = "$(TEST_HOST)";
				CODE_SIGN_STYLE = Automatic;
				CURRENT_PROJECT_VERSION = 1;
				GENERATE_INFOPLIST_FILE = YES;
				IPHONEOS_DEPLOYMENT_TARGET = 16.2;
				MARKETING_VERSION = 1.0;
				PRODUCT_BUNDLE_IDENTIFIER = com.personal.NetflixClone2Tests;
				PRODUCT_NAME = "$(TARGET_NAME)";
				SWIFT_EMIT_LOC_STRINGS = NO;
				SWIFT_VERSION = 5.0;
				TARGETED_DEVICE_FAMILY = "1,2";
				TEST_HOST = "$(BUILT_PRODUCTS_DIR)/NetflixClone2.app/$(BUNDLE_EXECUTABLE_FOLDER_PATH)/NetflixClone2";
			};
			name = Release;
		};
		4D59CED029D7350800A9B559 /* Debug */ = {
			isa = XCBuildConfiguration;
			buildSettings = {
				ALWAYS_EMBED_SWIFT_STANDARD_LIBRARIES = YES;
				CODE_SIGN_STYLE = Automatic;
				CURRENT_PROJECT_VERSION = 1;
				GENERATE_INFOPLIST_FILE = YES;
				MARKETING_VERSION = 1.0;
				PRODUCT_BUNDLE_IDENTIFIER = com.personal.NetflixClone2UITests;
				PRODUCT_NAME = "$(TARGET_NAME)";
				SWIFT_EMIT_LOC_STRINGS = NO;
				SWIFT_VERSION = 5.0;
				TARGETED_DEVICE_FAMILY = "1,2";
				TEST_TARGET_NAME = NetflixClone2;
			};
			name = Debug;
		};
		4D59CED129D7350800A9B559 /* Release */ = {
			isa = XCBuildConfiguration;
			buildSettings = {
				ALWAYS_EMBED_SWIFT_STANDARD_LIBRARIES = YES;
				CODE_SIGN_STYLE = Automatic;
				CURRENT_PROJECT_VERSION = 1;
				GENERATE_INFOPLIST_FILE = YES;
				MARKETING_VERSION = 1.0;
				PRODUCT_BUNDLE_IDENTIFIER = com.personal.NetflixClone2UITests;
				PRODUCT_NAME = "$(TARGET_NAME)";
				SWIFT_EMIT_LOC_STRINGS = NO;
				SWIFT_VERSION = 5.0;
				TARGETED_DEVICE_FAMILY = "1,2";
				TEST_TARGET_NAME = NetflixClone2;
			};
			name = Release;
		};
/* End XCBuildConfiguration section */

/* Begin XCConfigurationList section */
		4D59CE9729D7350600A9B559 /* Build configuration list for PBXProject "NetflixClone2" */ = {
			isa = XCConfigurationList;
			buildConfigurations = (
				4D59CEC729D7350800A9B559 /* Debug */,
				4D59CEC829D7350800A9B559 /* Release */,
			);
			defaultConfigurationIsVisible = 0;
			defaultConfigurationName = Release;
		};
		4D59CEC929D7350800A9B559 /* Build configuration list for PBXNativeTarget "NetflixClone2" */ = {
			isa = XCConfigurationList;
			buildConfigurations = (
				4D59CECA29D7350800A9B559 /* Debug */,
				4D59CECB29D7350800A9B559 /* Release */,
			);
			defaultConfigurationIsVisible = 0;
			defaultConfigurationName = Release;
		};
		4D59CECC29D7350800A9B559 /* Build configuration list for PBXNativeTarget "NetflixClone2Tests" */ = {
			isa = XCConfigurationList;
			buildConfigurations = (
				4D59CECD29D7350800A9B559 /* Debug */,
				4D59CECE29D7350800A9B559 /* Release */,
			);
			defaultConfigurationIsVisible = 0;
			defaultConfigurationName = Release;
		};
		4D59CECF29D7350800A9B559 /* Build configuration list for PBXNativeTarget "NetflixClone2UITests" */ = {
			isa = XCConfigurationList;
			buildConfigurations = (
				4D59CED029D7350800A9B559 /* Debug */,
				4D59CED129D7350800A9B559 /* Release */,
			);
			defaultConfigurationIsVisible = 0;
			defaultConfigurationName = Release;
		};
/* End XCConfigurationList section */

/* Begin XCRemoteSwiftPackageReference section */
		4D59CEF729E2D41D00A9B559 /* XCRemoteSwiftPackageReference "PromiseKit" */ = {
			isa = XCRemoteSwiftPackageReference;
			repositoryURL = "https://github.com/mxcl/PromiseKit.git";
			requirement = {
				branch = v6;
				kind = branch;
			};
		};
		4D59CF4829E4358300A9B559 /* XCRemoteSwiftPackageReference "SDWebImage" */ = {
			isa = XCRemoteSwiftPackageReference;
			repositoryURL = "https://github.com/SDWebImage/SDWebImage.git";
			requirement = {
				branch = master;
				kind = branch;
			};
		};
/* End XCRemoteSwiftPackageReference section */

/* Begin XCSwiftPackageProductDependency section */
		4D59CEF829E2D41D00A9B559 /* PromiseKit */ = {
			isa = XCSwiftPackageProductDependency;
			package = 4D59CEF729E2D41D00A9B559 /* XCRemoteSwiftPackageReference "PromiseKit" */;
			productName = PromiseKit;
		};
		4D59CF4929E4358300A9B559 /* SDWebImage */ = {
			isa = XCSwiftPackageProductDependency;
			package = 4D59CF4829E4358300A9B559 /* XCRemoteSwiftPackageReference "SDWebImage" */;
			productName = SDWebImage;
		};
		4D59CF4B29E4358300A9B559 /* SDWebImageMapKit */ = {
			isa = XCSwiftPackageProductDependency;
			package = 4D59CF4829E4358300A9B559 /* XCRemoteSwiftPackageReference "SDWebImage" */;
			productName = SDWebImageMapKit;
		};
/* End XCSwiftPackageProductDependency section */

/* Begin XCVersionGroup section */
		4D59CEA829D7350600A9B559 /* NetflixClone2.xcdatamodeld */ = {
			isa = XCVersionGroup;
			children = (
				4D59CEA929D7350600A9B559 /* NetflixClone2.xcdatamodel */,
			);
			currentVersion = 4D59CEA929D7350600A9B559 /* NetflixClone2.xcdatamodel */;
			path = NetflixClone2.xcdatamodeld;
			sourceTree = "<group>";
			versionGroupType = wrapper.xcdatamodel;
		};
/* End XCVersionGroup section */
	};
	rootObject = 4D59CE9429D7350600A9B559 /* Project object */;
}
